PODS:
  - Alamofire (4.9.1)
  - SDWebImage (4.4.8):
    - SDWebImage/Core (= 4.4.8)
  - SDWebImage/Core (4.4.8)

DEPENDENCIES:
  - Alamofire (~> 4.7)
  - SDWebImage (~> 4.4.6)

SPEC REPOS:
  trunk:
    - Alamofire
    - SDWebImage

SPEC CHECKSUMS:
  Alamofire: 85e8a02c69d6020a0d734f6054870d7ecb75cf18
  SDWebImage: 783af2c3fa36291a250030c4752ee370a9a51d13

PODFILE CHECKSUM: 1bfba5b5d560be20a2da48f1801e4b21b552a0e0

COCOAPODS: 1.10.1
